PODS:
  - camera_avfoundation (0.0.1):
    - Flutter
  - cunning_document_scanner (1.0.0):
    - Flutter
  - Flutter (1.0.0)
  - flutter_document_scanner_ios (0.5.0):
    - Flutter
  - image_picker_ios (0.0.1):
    - Flutter
  - package_info_plus (0.4.5):
    - Flutter
  - path_provider_foundation (0.0.1):
    - Flutter
    - FlutterMacOS
  - permission_handler_apple (9.3.0):
    - Flutter
  - sqflite_darwin (0.0.4):
    - Flutter
    - FlutterMacOS
  - sqlite3 (3.48.0):
    - sqlite3/common (= 3.48.0)
  - sqlite3/common (3.48.0)
  - sqlite3/dbstatvtab (3.48.0):
    - sqlite3/common
  - sqlite3/fts5 (3.48.0):
    - sqlite3/common
  - sqlite3/perf-threadsafe (3.48.0):
    - sqlite3/common
  - sqlite3/rtree (3.48.0):
    - sqlite3/common
  - sqlite3_flutter_libs (0.0.1):
    - Flutter
    - FlutterMacOS
    - sqlite3 (~> 3.48.0)
    - sqlite3/dbstatvtab
    - sqlite3/fts5
    - sqlite3/perf-threadsafe
    - sqlite3/rtree

DEPENDENCIES:
  - camera_avfoundation (from `.symlinks/plugins/camera_avfoundation/ios`)
  - cunning_document_scanner (from `.symlinks/plugins/cunning_document_scanner/ios`)
  - Flutter (from `Flutter`)
  - flutter_document_scanner_ios (from `.symlinks/plugins/flutter_document_scanner_ios/ios`)
  - image_picker_ios (from `.symlinks/plugins/image_picker_ios/ios`)
  - package_info_plus (from `.symlinks/plugins/package_info_plus/ios`)
  - path_provider_foundation (from `.symlinks/plugins/path_provider_foundation/darwin`)
  - permission_handler_apple (from `.symlinks/plugins/permission_handler_apple/ios`)
  - sqflite_darwin (from `.symlinks/plugins/sqflite_darwin/darwin`)
  - sqlite3_flutter_libs (from `.symlinks/plugins/sqlite3_flutter_libs/darwin`)

SPEC REPOS:
  trunk:
    - sqlite3

EXTERNAL SOURCES:
  camera_avfoundation:
    :path: ".symlinks/plugins/camera_avfoundation/ios"
  cunning_document_scanner:
    :path: ".symlinks/plugins/cunning_document_scanner/ios"
  Flutter:
    :path: Flutter
  flutter_document_scanner_ios:
    :path: ".symlinks/plugins/flutter_document_scanner_ios/ios"
  image_picker_ios:
    :path: ".symlinks/plugins/image_picker_ios/ios"
  package_info_plus:
    :path: ".symlinks/plugins/package_info_plus/ios"
  path_provider_foundation:
    :path: ".symlinks/plugins/path_provider_foundation/darwin"
  permission_handler_apple:
    :path: ".symlinks/plugins/permission_handler_apple/ios"
  sqflite_darwin:
    :path: ".symlinks/plugins/sqflite_darwin/darwin"
  sqlite3_flutter_libs:
    :path: ".symlinks/plugins/sqlite3_flutter_libs/darwin"

SPEC CHECKSUMS:
  camera_avfoundation: dd002b0330f4981e1bbcb46ae9b62829237459a4
  cunning_document_scanner: 7cb9bd173f7cc7b11696dde98d01492187fc3a67
  Flutter: e0871f40cf51350855a761d2e70bf5af5b9b5de7
  flutter_document_scanner_ios: 0e4b14807705769654fd82437feb6cb148bf1a45
  image_picker_ios: c560581cceedb403a6ff17f2f816d7fea1421fc1
  package_info_plus: c0502532a26c7662a62a356cebe2692ec5fe4ec4
  path_provider_foundation: 2b6b4c569c0fb62ec74538f866245ac84301af46
  permission_handler_apple: 9878588469a2b0d0fc1e048d9f43605f92e6cec2
  sqflite_darwin: 5a7236e3b501866c1c9befc6771dfd73ffb8702d
  sqlite3: 3da10a59910c809fb584a93aa46a3f05b785e12e
  sqlite3_flutter_libs: 5f386339eccc9516a12ab10e4aa925cbef5f2dcf

PODFILE CHECKSUM: a57f30d18f102dd3ce366b1d62a55ecbef2158e5

COCOAPODS: 1.15.2
